# Exact source provenance for the forked media implementation and image policy.
# Archive hashes identify the bytes returned by the published GitHub release-tag
# archive URL. The fork release tags and commits must be present at their
# immutable refs before a hosted image build is permitted; preparation downloads
# those bytes and verifies these hashes before handing them to Docker.
SYNAPSE_UPSTREAM_TAG=v1.159.0
SYNAPSE_UPSTREAM_COMMIT=7b10e6b9bc2dacc33f0974c999f640b55ef831bc
SYNAPSE_FORK_RELEASE=v1.159.0-telecrypt.5
SYNAPSE_FORK_COMMIT=b9740211990c32021b37c9340246aed2745a66fb
SYNAPSE_FORK_ARCHIVE_SHA256=f1feb63c94cabc4cc54690b934987d32ddbe1e68cfeee24b356b2b92f62141d6
S3_PROVIDER_UPSTREAM_TAG=v1.7.0
S3_PROVIDER_UPSTREAM_COMMIT=208157c67ec7321515d07915bb276ae30d69d760
S3_PROVIDER_FORK_RELEASE=v1.7.0-telecrypt.4
S3_PROVIDER_FORK_COMMIT=4273ae6ab60781ffbabc79c0777e03033437b378
S3_PROVIDER_FORK_ARCHIVE_SHA256=7d3cf95b62c575a58b9652723db4e5f95097724cdcc9be671b0ed8ce59e38871
CONTROLPLANE_RELEASE=0.5.14
CONTROLPLANE_WHEEL_SHA256=c1c44d3eb1ea880a00acbf42cd7bd931e7a00afd2bea57468c0ed130994b8d4a
